
Microsoft Visual Studio Solution File, Format Version 12.00
# Visual Studio Version 16
VisualStudioVersion = 16.0.30503.244
MinimumVisualStudioVersion = 10.0.40219.1
Project("{9A19103F-16F7-4668-BE54-9A1E7A4F7556}") = "BooruDotNet", "BooruDotNet\BooruDotNet.csproj", "{5F28BC31-1791-4A30-93E7-BD5B908A862D}"
EndProject
Project("{9A19103F-16F7-4668-BE54-9A1E7A4F7556}") = "BooruDotNet.Tests", "BooruDotNet.Tests\BooruDotNet.Tests.csproj", "{C921EDF3-ADFA-4D84-9C9E-3D67A87D36E0}"
EndProject
Project("{2150E333-8FDC-42A3-9474-1A3956D46DE8}") = "Lib", "Lib", "{D1D48B17-D58C-46C0-A706-6A31E562840D}"
EndProject
Project("{9A19103F-16F7-4668-BE54-9A1E7A4F7556}") = "BooruDotNet.Search", "BooruDotNet.Search\BooruDotNet.Search.csproj", "{13340D06-1C45-448F-A66A-78E886EF6ACF}"
EndProject
Project("{9A19103F-16F7-4668-BE54-9A1E7A4F7556}") = "BooruDotNet.Links", "BooruDotNet.Links\BooruDotNet.Links.csproj", "{ED56482B-5BCC-48FE-BD6E-274BC25225C4}"
EndProject
Project("{2150E333-8FDC-42A3-9474-1A3956D46DE8}") = "UI", "UI", "{EBCE795C-4FAE-4098-9354-6155BB35A49F}"
EndProject
Project("{9A19103F-16F7-4668-BE54-9A1E7A4F7556}") = "BooruDownloader", "BooruDownloader\BooruDownloader.csproj", "{DED5705E-5CD3-41F4-B40A-596810C5BD7C}"
EndProject
Project("{9A19103F-16F7-4668-BE54-9A1E7A4F7556}") = "BooruDotNet.Downloaders", "BooruDotNet.Downloaders\BooruDotNet.Downloaders.csproj", "{893360CE-2CCF-4518-A3C7-70A1F5250650}"
EndProject
Project("{9A19103F-16F7-4668-BE54-9A1E7A4F7556}") = "BooruDotNet.Caching", "BooruDotNet.Caching\BooruDotNet.Caching.csproj", "{030DEDA2-C1E3-4E5B-9E81-EB9F5D40AFB1}"
EndProject
Global
	GlobalSection(SolutionConfigurationPlatforms) = preSolution
		Debug|Any CPU = Debug|Any CPU
		Release|Any CPU = Release|Any CPU
	EndGlobalSection
	GlobalSection(ProjectConfigurationPlatforms) = postSolution
		{5F28BC31-1791-4A30-93E7-BD5B908A862D}.Debug|Any CPU.ActiveCfg = Debug|Any CPU
		{5F28BC31-1791-4A30-93E7-BD5B908A862D}.Debug|Any CPU.Build.0 = Debug|Any CPU
		{5F28BC31-1791-4A30-93E7-BD5B908A862D}.Release|Any CPU.ActiveCfg = Release|Any CPU
		{5F28BC31-1791-4A30-93E7-BD5B908A862D}.Release|Any CPU.Build.0 = Release|Any CPU
		{C921EDF3-ADFA-4D84-9C9E-3D67A87D36E0}.Debug|Any CPU.ActiveCfg = Debug|Any CPU
		{C921EDF3-ADFA-4D84-9C9E-3D67A87D36E0}.Debug|Any CPU.Build.0 = Debug|Any CPU
		{C921EDF3-ADFA-4D84-9C9E-3D67A87D36E0}.Release|Any CPU.ActiveCfg = Release|Any CPU
		{C921EDF3-ADFA-4D84-9C9E-3D67A87D36E0}.Release|Any CPU.Build.0 = Release|Any CPU
		{13340D06-1C45-448F-A66A-78E886EF6ACF}.Debug|Any CPU.ActiveCfg = Debug|Any CPU
		{13340D06-1C45-448F-A66A-78E886EF6ACF}.Debug|Any CPU.Build.0 = Debug|Any CPU
		{13340D06-1C45-448F-A66A-78E886EF6ACF}.Release|Any CPU.ActiveCfg = Release|Any CPU
		{13340D06-1C45-448F-A66A-78E886EF6ACF}.Release|Any CPU.Build.0 = Release|Any CPU
		{ED56482B-5BCC-48FE-BD6E-274BC25225C4}.Debug|Any CPU.ActiveCfg = Debug|Any CPU
		{ED56482B-5BCC-48FE-BD6E-274BC25225C4}.Debug|Any CPU.Build.0 = Debug|Any CPU
		{ED56482B-5BCC-48FE-BD6E-274BC25225C4}.Release|Any CPU.ActiveCfg = Release|Any CPU
		{ED56482B-5BCC-48FE-BD6E-274BC25225C4}.Release|Any CPU.Build.0 = Release|Any CPU
		{DED5705E-5CD3-41F4-B40A-596810C5BD7C}.Debug|Any CPU.ActiveCfg = Debug|Any CPU
		{DED5705E-5CD3-41F4-B40A-596810C5BD7C}.Debug|Any CPU.Build.0 = Debug|Any CPU
		{DED5705E-5CD3-41F4-B40A-596810C5BD7C}.Release|Any CPU.ActiveCfg = Release|Any CPU
		{DED5705E-5CD3-41F4-B40A-596810C5BD7C}.Release|Any CPU.Build.0 = Release|Any CPU
		{893360CE-2CCF-4518-A3C7-70A1F5250650}.Debug|Any CPU.ActiveCfg = Debug|Any CPU
		{893360CE-2CCF-4518-A3C7-70A1F5250650}.Debug|Any CPU.Build.0 = Debug|Any CPU
		{893360CE-2CCF-4518-A3C7-70A1F5250650}.Release|Any CPU.ActiveCfg = Release|Any CPU
		{893360CE-2CCF-4518-A3C7-70A1F5250650}.Release|Any CPU.Build.0 = Release|Any CPU
		{030DEDA2-C1E3-4E5B-9E81-EB9F5D40AFB1}.Debug|Any CPU.ActiveCfg = Debug|Any CPU
		{030DEDA2-C1E3-4E5B-9E81-EB9F5D40AFB1}.Debug|Any CPU.Build.0 = Debug|Any CPU
		{030DEDA2-C1E3-4E5B-9E81-EB9F5D40AFB1}.Release|Any CPU.ActiveCfg = Release|Any CPU
		{030DEDA2-C1E3-4E5B-9E81-EB9F5D40AFB1}.Release|Any CPU.Build.0 = Release|Any CPU
	EndGlobalSection
	GlobalSection(SolutionProperties) = preSolution
		HideSolutionNode = FALSE
	EndGlobalSection
	GlobalSection(NestedProjects) = preSolution
		{5F28BC31-1791-4A30-93E7-BD5B908A862D} = {D1D48B17-D58C-46C0-A706-6A31E562840D}
		{13340D06-1C45-448F-A66A-78E886EF6ACF} = {D1D48B17-D58C-46C0-A706-6A31E562840D}
		{ED56482B-5BCC-48FE-BD6E-274BC25225C4} = {D1D48B17-D58C-46C0-A706-6A31E562840D}
		{DED5705E-5CD3-41F4-B40A-596810C5BD7C} = {EBCE795C-4FAE-4098-9354-6155BB35A49F}
		{893360CE-2CCF-4518-A3C7-70A1F5250650} = {D1D48B17-D58C-46C0-A706-6A31E562840D}
		{030DEDA2-C1E3-4E5B-9E81-EB9F5D40AFB1} = {D1D48B17-D58C-46C0-A706-6A31E562840D}
	EndGlobalSection
	GlobalSection(ExtensibilityGlobals) = postSolution
		SolutionGuid = {37EE282A-EDA5-44CA-A880-D6986D77081C}
	EndGlobalSection
EndGlobal
