
Microsoft Visual Studio Solution File, Format Version 12.00
# Visual Studio Version 16
VisualStudioVersion = 16.0.30503.244
MinimumVisualStudioVersion = 10.0.40219.1
Project("{9A19103F-16F7-4668-BE54-9A1E7A4F7556}") = "BooruDotNet", "BooruDotNet\BooruDotNet.csproj", "{5F28BC31-1791-4A30-93E7-BD5B908A862D}"
EndProject
Project("{FAE04EC0-301F-11D3-BF4B-00C04F79EFBC}") = "BooruDotNet.Tests", "BooruDotNet.Tests\BooruDotNet.Tests.csproj", "{C921EDF3-ADFA-4D84-9C9E-3D67A87D36E0}"
EndProject
Global
	GlobalSection(SolutionConfigurationPlatforms) = preSolution
		Debug|Any CPU = Debug|Any CPU
		Release|Any CPU = Release|Any CPU
	EndGlobalSection
	GlobalSection(ProjectConfigurationPlatforms) = postSolution
		{5F28BC31-1791-4A30-93E7-BD5B908A862D}.Debug|Any CPU.ActiveCfg = Debug|Any CPU
		{5F28BC31-1791-4A30-93E7-BD5B908A862D}.Debug|Any CPU.Build.0 = Debug|Any CPU
		{5F28BC31-1791-4A30-93E7-BD5B908A862D}.Release|Any CPU.ActiveCfg = Release|Any CPU
		{5F28BC31-1791-4A30-93E7-BD5B908A862D}.Release|Any CPU.Build.0 = Release|Any CPU
		{C921EDF3-ADFA-4D84-9C9E-3D67A87D36E0}.Debug|Any CPU.ActiveCfg = Debug|Any CPU
		{C921EDF3-ADFA-4D84-9C9E-3D67A87D36E0}.Debug|Any CPU.Build.0 = Debug|Any CPU
		{C921EDF3-ADFA-4D84-9C9E-3D67A87D36E0}.Release|Any CPU.ActiveCfg = Release|Any CPU
		{C921EDF3-ADFA-4D84-9C9E-3D67A87D36E0}.Release|Any CPU.Build.0 = Release|Any CPU
	EndGlobalSection
	GlobalSection(SolutionProperties) = preSolution
		HideSolutionNode = FALSE
	EndGlobalSection
	GlobalSection(ExtensibilityGlobals) = postSolution
		SolutionGuid = {37EE282A-EDA5-44CA-A880-D6986D77081C}
	EndGlobalSection
EndGlobal
