
Microsoft Visual Studio Solution File, Format Version 12.00
# Visual Studio Version 16
VisualStudioVersion = 16.0.30503.244
MinimumVisualStudioVersion = 10.0.40219.1
Project("{9A19103F-16F7-4668-BE54-9A1E7A4F7556}") = "BooruDotNet", "BooruDotNet\BooruDotNet.csproj", "{5F28BC31-1791-4A30-93E7-BD5B908A862D}"
EndProject
Project("{2150E333-8FDC-42A3-9474-1A3956D46DE8}") = "Lib", "Lib", "{D1D48B17-D58C-46C0-A706-6A31E562840D}"
EndProject
Project("{9A19103F-16F7-4668-BE54-9A1E7A4F7556}") = "BooruDotNet.Search", "BooruDotNet.Search\BooruDotNet.Search.csproj", "{13340D06-1C45-448F-A66A-78E886EF6ACF}"
EndProject
Project("{9A19103F-16F7-4668-BE54-9A1E7A4F7556}") = "BooruDotNet.Links", "BooruDotNet.Links\BooruDotNet.Links.csproj", "{ED56482B-5BCC-48FE-BD6E-274BC25225C4}"
EndProject
Project("{9A19103F-16F7-4668-BE54-9A1E7A4F7556}") = "BooruDotNet.Downloaders", "BooruDotNet.Downloaders\BooruDotNet.Downloaders.csproj", "{893360CE-2CCF-4518-A3C7-70A1F5250650}"
EndProject
Project("{9A19103F-16F7-4668-BE54-9A1E7A4F7556}") = "BooruDotNet.Namers", "BooruDotNet.Namers\BooruDotNet.Namers.csproj", "{A994D3A5-8F30-4E6B-862D-EACABB45FA5D}"
EndProject
Project("{2150E333-8FDC-42A3-9474-1A3956D46DE8}") = "Tests", "Tests", "{17DC096B-845C-42A6-98AD-749437F76B1C}"
EndProject
Project("{9A19103F-16F7-4668-BE54-9A1E7A4F7556}") = "BooruDotNet.Tests.Shared", "BooruDotNet.Tests.Shared\BooruDotNet.Tests.Shared.csproj", "{483DFAE6-FF86-41E3-A62F-89D57E3685D6}"
EndProject
Project("{9A19103F-16F7-4668-BE54-9A1E7A4F7556}") = "BooruDotNet.Downloaders.Tests", "BooruDotNet.Downloaders.Tests\BooruDotNet.Downloaders.Tests.csproj", "{5155D761-948E-49C1-83CF-F1CD4124BAA7}"
EndProject
Project("{9A19103F-16F7-4668-BE54-9A1E7A4F7556}") = "BooruDotNet.Links.Tests", "BooruDotNet.Links.Tests\BooruDotNet.Links.Tests.csproj", "{3048FF3D-3570-4CC9-8ECC-1504032489C1}"
EndProject
Project("{9A19103F-16F7-4668-BE54-9A1E7A4F7556}") = "BooruDotNet.Namers.Tests", "BooruDotNet.Namers.Tests\BooruDotNet.Namers.Tests.csproj", "{46F221C8-6D36-49A9-BE59-947FEAC493D8}"
EndProject
Project("{9A19103F-16F7-4668-BE54-9A1E7A4F7556}") = "BooruDotNet.Search.Tests", "BooruDotNet.Search.Tests\BooruDotNet.Search.Tests.csproj", "{72B199B9-CAD7-48A7-9EC0-CE07D20DAFF5}"
EndProject
Project("{9A19103F-16F7-4668-BE54-9A1E7A4F7556}") = "BooruDotNet.Tests", "BooruDotNet.Tests\BooruDotNet.Tests.csproj", "{0C9E391D-E1E8-4148-B198-ADA26044CDF3}"
EndProject
Project("{2150E333-8FDC-42A3-9474-1A3956D46DE8}") = "Solution Items", "Solution Items", "{1D6D7B13-30C7-4B99-AE9F-4890091C5FD8}"
	ProjectSection(SolutionItems) = preProject
		Directory.Build.props = Directory.Build.props
		version.json = version.json
	EndProjectSection
EndProject
Project("{2150E333-8FDC-42A3-9474-1A3956D46DE8}") = "Boorus", "Boorus", "{06BBD7DD-93E5-487D-A7F3-FC11793FF438}"
EndProject
Project("{9A19103F-16F7-4668-BE54-9A1E7A4F7556}") = "BooruDotNet.Danbooru", "BooruDotNet.Danbooru\BooruDotNet.Danbooru.csproj", "{2A25CD2C-8E4F-4BA3-9CEC-4C71731DAC0C}"
EndProject
Project("{9A19103F-16F7-4668-BE54-9A1E7A4F7556}") = "BooruDotNet.Gelbooru", "BooruDotNet.Gelbooru\BooruDotNet.Gelbooru.csproj", "{9FA8E7F2-1791-498A-8999-A11FB0316DC5}"
EndProject
Project("{9A19103F-16F7-4668-BE54-9A1E7A4F7556}") = "BooruDotNet.SankakuComplex", "BooruDotNet.SankakuComplex\BooruDotNet.SankakuComplex.csproj", "{73DB0E81-0DEA-445F-86E7-607CBA1429C5}"
EndProject
Project("{9A19103F-16F7-4668-BE54-9A1E7A4F7556}") = "BooruDotNet.Yandere", "BooruDotNet.Yandere\BooruDotNet.Yandere.csproj", "{60166351-1949-4DE3-AF20-4FBC83ED098E}"
EndProject
Project("{9A19103F-16F7-4668-BE54-9A1E7A4F7556}") = "BooruDotNet.Konachan", "BooruDotNet.Konachan\BooruDotNet.Konachan.csproj", "{650D4D54-3E05-4740-845A-2604EDAD4C39}"
EndProject
Global
	GlobalSection(SolutionConfigurationPlatforms) = preSolution
		Debug|Any CPU = Debug|Any CPU
		Release|Any CPU = Release|Any CPU
	EndGlobalSection
	GlobalSection(ProjectConfigurationPlatforms) = postSolution
		{5F28BC31-1791-4A30-93E7-BD5B908A862D}.Debug|Any CPU.ActiveCfg = Debug|Any CPU
		{5F28BC31-1791-4A30-93E7-BD5B908A862D}.Debug|Any CPU.Build.0 = Debug|Any CPU
		{5F28BC31-1791-4A30-93E7-BD5B908A862D}.Release|Any CPU.ActiveCfg = Release|Any CPU
		{5F28BC31-1791-4A30-93E7-BD5B908A862D}.Release|Any CPU.Build.0 = Release|Any CPU
		{13340D06-1C45-448F-A66A-78E886EF6ACF}.Debug|Any CPU.ActiveCfg = Debug|Any CPU
		{13340D06-1C45-448F-A66A-78E886EF6ACF}.Debug|Any CPU.Build.0 = Debug|Any CPU
		{13340D06-1C45-448F-A66A-78E886EF6ACF}.Release|Any CPU.ActiveCfg = Release|Any CPU
		{13340D06-1C45-448F-A66A-78E886EF6ACF}.Release|Any CPU.Build.0 = Release|Any CPU
		{ED56482B-5BCC-48FE-BD6E-274BC25225C4}.Debug|Any CPU.ActiveCfg = Debug|Any CPU
		{ED56482B-5BCC-48FE-BD6E-274BC25225C4}.Debug|Any CPU.Build.0 = Debug|Any CPU
		{ED56482B-5BCC-48FE-BD6E-274BC25225C4}.Release|Any CPU.ActiveCfg = Release|Any CPU
		{ED56482B-5BCC-48FE-BD6E-274BC25225C4}.Release|Any CPU.Build.0 = Release|Any CPU
		{893360CE-2CCF-4518-A3C7-70A1F5250650}.Debug|Any CPU.ActiveCfg = Debug|Any CPU
		{893360CE-2CCF-4518-A3C7-70A1F5250650}.Debug|Any CPU.Build.0 = Debug|Any CPU
		{893360CE-2CCF-4518-A3C7-70A1F5250650}.Release|Any CPU.ActiveCfg = Release|Any CPU
		{893360CE-2CCF-4518-A3C7-70A1F5250650}.Release|Any CPU.Build.0 = Release|Any CPU
		{A994D3A5-8F30-4E6B-862D-EACABB45FA5D}.Debug|Any CPU.ActiveCfg = Debug|Any CPU
		{A994D3A5-8F30-4E6B-862D-EACABB45FA5D}.Debug|Any CPU.Build.0 = Debug|Any CPU
		{A994D3A5-8F30-4E6B-862D-EACABB45FA5D}.Release|Any CPU.ActiveCfg = Release|Any CPU
		{A994D3A5-8F30-4E6B-862D-EACABB45FA5D}.Release|Any CPU.Build.0 = Release|Any CPU
		{483DFAE6-FF86-41E3-A62F-89D57E3685D6}.Debug|Any CPU.ActiveCfg = Debug|Any CPU
		{483DFAE6-FF86-41E3-A62F-89D57E3685D6}.Debug|Any CPU.Build.0 = Debug|Any CPU
		{483DFAE6-FF86-41E3-A62F-89D57E3685D6}.Release|Any CPU.ActiveCfg = Release|Any CPU
		{483DFAE6-FF86-41E3-A62F-89D57E3685D6}.Release|Any CPU.Build.0 = Release|Any CPU
		{5155D761-948E-49C1-83CF-F1CD4124BAA7}.Debug|Any CPU.ActiveCfg = Debug|Any CPU
		{5155D761-948E-49C1-83CF-F1CD4124BAA7}.Debug|Any CPU.Build.0 = Debug|Any CPU
		{5155D761-948E-49C1-83CF-F1CD4124BAA7}.Release|Any CPU.ActiveCfg = Release|Any CPU
		{5155D761-948E-49C1-83CF-F1CD4124BAA7}.Release|Any CPU.Build.0 = Release|Any CPU
		{3048FF3D-3570-4CC9-8ECC-1504032489C1}.Debug|Any CPU.ActiveCfg = Debug|Any CPU
		{3048FF3D-3570-4CC9-8ECC-1504032489C1}.Debug|Any CPU.Build.0 = Debug|Any CPU
		{3048FF3D-3570-4CC9-8ECC-1504032489C1}.Release|Any CPU.ActiveCfg = Release|Any CPU
		{3048FF3D-3570-4CC9-8ECC-1504032489C1}.Release|Any CPU.Build.0 = Release|Any CPU
		{46F221C8-6D36-49A9-BE59-947FEAC493D8}.Debug|Any CPU.ActiveCfg = Debug|Any CPU
		{46F221C8-6D36-49A9-BE59-947FEAC493D8}.Debug|Any CPU.Build.0 = Debug|Any CPU
		{46F221C8-6D36-49A9-BE59-947FEAC493D8}.Release|Any CPU.ActiveCfg = Release|Any CPU
		{46F221C8-6D36-49A9-BE59-947FEAC493D8}.Release|Any CPU.Build.0 = Release|Any CPU
		{72B199B9-CAD7-48A7-9EC0-CE07D20DAFF5}.Debug|Any CPU.ActiveCfg = Debug|Any CPU
		{72B199B9-CAD7-48A7-9EC0-CE07D20DAFF5}.Debug|Any CPU.Build.0 = Debug|Any CPU
		{72B199B9-CAD7-48A7-9EC0-CE07D20DAFF5}.Release|Any CPU.ActiveCfg = Release|Any CPU
		{72B199B9-CAD7-48A7-9EC0-CE07D20DAFF5}.Release|Any CPU.Build.0 = Release|Any CPU
		{0C9E391D-E1E8-4148-B198-ADA26044CDF3}.Debug|Any CPU.ActiveCfg = Debug|Any CPU
		{0C9E391D-E1E8-4148-B198-ADA26044CDF3}.Debug|Any CPU.Build.0 = Debug|Any CPU
		{0C9E391D-E1E8-4148-B198-ADA26044CDF3}.Release|Any CPU.ActiveCfg = Release|Any CPU
		{0C9E391D-E1E8-4148-B198-ADA26044CDF3}.Release|Any CPU.Build.0 = Release|Any CPU
		{2A25CD2C-8E4F-4BA3-9CEC-4C71731DAC0C}.Debug|Any CPU.ActiveCfg = Debug|Any CPU
		{2A25CD2C-8E4F-4BA3-9CEC-4C71731DAC0C}.Debug|Any CPU.Build.0 = Debug|Any CPU
		{2A25CD2C-8E4F-4BA3-9CEC-4C71731DAC0C}.Release|Any CPU.ActiveCfg = Release|Any CPU
		{2A25CD2C-8E4F-4BA3-9CEC-4C71731DAC0C}.Release|Any CPU.Build.0 = Release|Any CPU
		{9FA8E7F2-1791-498A-8999-A11FB0316DC5}.Debug|Any CPU.ActiveCfg = Debug|Any CPU
		{9FA8E7F2-1791-498A-8999-A11FB0316DC5}.Debug|Any CPU.Build.0 = Debug|Any CPU
		{9FA8E7F2-1791-498A-8999-A11FB0316DC5}.Release|Any CPU.ActiveCfg = Release|Any CPU
		{9FA8E7F2-1791-498A-8999-A11FB0316DC5}.Release|Any CPU.Build.0 = Release|Any CPU
		{73DB0E81-0DEA-445F-86E7-607CBA1429C5}.Debug|Any CPU.ActiveCfg = Debug|Any CPU
		{73DB0E81-0DEA-445F-86E7-607CBA1429C5}.Debug|Any CPU.Build.0 = Debug|Any CPU
		{73DB0E81-0DEA-445F-86E7-607CBA1429C5}.Release|Any CPU.ActiveCfg = Release|Any CPU
		{73DB0E81-0DEA-445F-86E7-607CBA1429C5}.Release|Any CPU.Build.0 = Release|Any CPU
		{60166351-1949-4DE3-AF20-4FBC83ED098E}.Debug|Any CPU.ActiveCfg = Debug|Any CPU
		{60166351-1949-4DE3-AF20-4FBC83ED098E}.Debug|Any CPU.Build.0 = Debug|Any CPU
		{60166351-1949-4DE3-AF20-4FBC83ED098E}.Release|Any CPU.ActiveCfg = Release|Any CPU
		{60166351-1949-4DE3-AF20-4FBC83ED098E}.Release|Any CPU.Build.0 = Release|Any CPU
		{650D4D54-3E05-4740-845A-2604EDAD4C39}.Debug|Any CPU.ActiveCfg = Debug|Any CPU
		{650D4D54-3E05-4740-845A-2604EDAD4C39}.Debug|Any CPU.Build.0 = Debug|Any CPU
		{650D4D54-3E05-4740-845A-2604EDAD4C39}.Release|Any CPU.ActiveCfg = Release|Any CPU
		{650D4D54-3E05-4740-845A-2604EDAD4C39}.Release|Any CPU.Build.0 = Release|Any CPU
	EndGlobalSection
	GlobalSection(SolutionProperties) = preSolution
		HideSolutionNode = FALSE
	EndGlobalSection
	GlobalSection(NestedProjects) = preSolution
		{5F28BC31-1791-4A30-93E7-BD5B908A862D} = {D1D48B17-D58C-46C0-A706-6A31E562840D}
		{13340D06-1C45-448F-A66A-78E886EF6ACF} = {D1D48B17-D58C-46C0-A706-6A31E562840D}
		{ED56482B-5BCC-48FE-BD6E-274BC25225C4} = {D1D48B17-D58C-46C0-A706-6A31E562840D}
		{893360CE-2CCF-4518-A3C7-70A1F5250650} = {D1D48B17-D58C-46C0-A706-6A31E562840D}
		{A994D3A5-8F30-4E6B-862D-EACABB45FA5D} = {D1D48B17-D58C-46C0-A706-6A31E562840D}
		{483DFAE6-FF86-41E3-A62F-89D57E3685D6} = {17DC096B-845C-42A6-98AD-749437F76B1C}
		{5155D761-948E-49C1-83CF-F1CD4124BAA7} = {17DC096B-845C-42A6-98AD-749437F76B1C}
		{3048FF3D-3570-4CC9-8ECC-1504032489C1} = {17DC096B-845C-42A6-98AD-749437F76B1C}
		{46F221C8-6D36-49A9-BE59-947FEAC493D8} = {17DC096B-845C-42A6-98AD-749437F76B1C}
		{72B199B9-CAD7-48A7-9EC0-CE07D20DAFF5} = {17DC096B-845C-42A6-98AD-749437F76B1C}
		{0C9E391D-E1E8-4148-B198-ADA26044CDF3} = {17DC096B-845C-42A6-98AD-749437F76B1C}
		{06BBD7DD-93E5-487D-A7F3-FC11793FF438} = {D1D48B17-D58C-46C0-A706-6A31E562840D}
		{2A25CD2C-8E4F-4BA3-9CEC-4C71731DAC0C} = {06BBD7DD-93E5-487D-A7F3-FC11793FF438}
		{9FA8E7F2-1791-498A-8999-A11FB0316DC5} = {06BBD7DD-93E5-487D-A7F3-FC11793FF438}
		{73DB0E81-0DEA-445F-86E7-607CBA1429C5} = {06BBD7DD-93E5-487D-A7F3-FC11793FF438}
		{60166351-1949-4DE3-AF20-4FBC83ED098E} = {06BBD7DD-93E5-487D-A7F3-FC11793FF438}
		{650D4D54-3E05-4740-845A-2604EDAD4C39} = {06BBD7DD-93E5-487D-A7F3-FC11793FF438}
	EndGlobalSection
	GlobalSection(ExtensibilityGlobals) = postSolution
		SolutionGuid = {37EE282A-EDA5-44CA-A880-D6986D77081C}
	EndGlobalSection
EndGlobal
